// !$*UTF8*$!
{
	archiveVersion = 1;
	classes = {
	};
	objectVersion = 46;
	objects = {

/* Begin PBXBuildFile section */
		1DC4CBBCF2EEC939BE116723 /* Pods_AreiosChiropracticUITests.framework in Frameworks */ = {isa = PBXBuildFile; fileRef = 9F1278A84A2DDB8EA8A0F560 /* Pods_AreiosChiropracticUITests.framework */; };
		6611580F1EB2AAFD003732E3 /* iPad.storyboard in Resources */ = {isa = PBXBuildFile; fileRef = 6611580E1EB2AAFD003732E3 /* iPad.storyboard */; };
		661158111EB2AB29003732E3 /* Main.storyboard in Resources */ = {isa = PBXBuildFile; fileRef = 661158101EB2AB29003732E3 /* Main.storyboard */; };
		6611581B1EB2ABD3003732E3 /* String+Extension.swift in Sources */ = {isa = PBXBuildFile; fileRef = 661158191EB2ABD3003732E3 /* String+Extension.swift */; };
		6611581C1EB2ABD3003732E3 /* UIColor+Extension.swift in Sources */ = {isa = PBXBuildFile; fileRef = 6611581A1EB2ABD3003732E3 /* UIColor+Extension.swift */; };
		661158261EB2ABEC003732E3 /* Constants.swift in Sources */ = {isa = PBXBuildFile; fileRef = 6611581D1EB2ABEC003732E3 /* Constants.swift */; };
		661158271EB2ABEC003732E3 /* DateHelper.swift in Sources */ = {isa = PBXBuildFile; fileRef = 6611581E1EB2ABEC003732E3 /* DateHelper.swift */; };
		661158281EB2ABEC003732E3 /* DocumentManager.swift in Sources */ = {isa = PBXBuildFile; fileRef = 6611581F1EB2ABEC003732E3 /* DocumentManager.swift */; };
		661158291EB2ABEC003732E3 /* Enums.swift in Sources */ = {isa = PBXBuildFile; fileRef = 661158201EB2ABEC003732E3 /* Enums.swift */; };
		6611582A1EB2ABEC003732E3 /* FirebaseController.swift in Sources */ = {isa = PBXBuildFile; fileRef = 661158211EB2ABEC003732E3 /* FirebaseController.swift */; };
		6611582B1EB2ABEC003732E3 /* ImagesHelper.swift in Sources */ = {isa = PBXBuildFile; fileRef = 661158221EB2ABEC003732E3 /* ImagesHelper.swift */; };
		6611582C1EB2ABEC003732E3 /* LoaderView.swift in Sources */ = {isa = PBXBuildFile; fileRef = 661158231EB2ABEC003732E3 /* LoaderView.swift */; };
		6611582D1EB2ABEC003732E3 /* ViewPrinter.swift in Sources */ = {isa = PBXBuildFile; fileRef = 661158241EB2ABEC003732E3 /* ViewPrinter.swift */; };
		6611582E1EB2ABEC003732E3 /* ViewTransitionManager.swift in Sources */ = {isa = PBXBuildFile; fileRef = 661158251EB2ABEC003732E3 /* ViewTransitionManager.swift */; };
		661158311EB2AC04003732E3 /* OfficeSignInTableViewController.swift in Sources */ = {isa = PBXBuildFile; fileRef = 6611582F1EB2AC04003732E3 /* OfficeSignInTableViewController.swift */; };
		661158321EB2AC04003732E3 /* SignatureCaptureView.swift in Sources */ = {isa = PBXBuildFile; fileRef = 661158301EB2AC04003732E3 /* SignatureCaptureView.swift */; };
		661158391EB2AC15003732E3 /* InitialViewController.swift in Sources */ = {isa = PBXBuildFile; fileRef = 661158331EB2AC15003732E3 /* InitialViewController.swift */; };
		6611583A1EB2AC15003732E3 /* LoginSignUpTableViewController.swift in Sources */ = {isa = PBXBuildFile; fileRef = 661158341EB2AC15003732E3 /* LoginSignUpTableViewController.swift */; };
		6611583B1EB2AC15003732E3 /* PracticeMemberDetailTableViewController.swift in Sources */ = {isa = PBXBuildFile; fileRef = 661158351EB2AC15003732E3 /* PracticeMemberDetailTableViewController.swift */; };
		6611583C1EB2AC15003732E3 /* PracticeMemberListViewController.swift in Sources */ = {isa = PBXBuildFile; fileRef = 661158361EB2AC15003732E3 /* PracticeMemberListViewController.swift */; };
		6611583D1EB2AC15003732E3 /* PracticeMemberTableViewCell.swift in Sources */ = {isa = PBXBuildFile; fileRef = 661158371EB2AC15003732E3 /* PracticeMemberTableViewCell.swift */; };
		6611583E1EB2AC15003732E3 /* WebViewController.swift in Sources */ = {isa = PBXBuildFile; fileRef = 661158381EB2AC15003732E3 /* WebViewController.swift */; };
		661158421EB2AC29003732E3 /* AccountController.swift in Sources */ = {isa = PBXBuildFile; fileRef = 6611583F1EB2AC29003732E3 /* AccountController.swift */; };
		661158431EB2AC29003732E3 /* ImageController.swift in Sources */ = {isa = PBXBuildFile; fileRef = 661158401EB2AC29003732E3 /* ImageController.swift */; };
		661158441EB2AC29003732E3 /* PracticeMemberController.swift in Sources */ = {isa = PBXBuildFile; fileRef = 661158411EB2AC29003732E3 /* PracticeMemberController.swift */; };
		661158481EB2AC3E003732E3 /* Account.swift in Sources */ = {isa = PBXBuildFile; fileRef = 661158451EB2AC3E003732E3 /* Account.swift */; };
		661158491EB2AC3E003732E3 /* Client.swift in Sources */ = {isa = PBXBuildFile; fileRef = 661158461EB2AC3E003732E3 /* Client.swift */; };
		6611584A1EB2AC3E003732E3 /* PrinterLabel.swift in Sources */ = {isa = PBXBuildFile; fileRef = 661158471EB2AC3E003732E3 /* PrinterLabel.swift */; };
		666485821EB153F600CA9791 /* AppDelegate.swift in Sources */ = {isa = PBXBuildFile; fileRef = 666485811EB153F600CA9791 /* AppDelegate.swift */; };
		666485891EB153F600CA9791 /* Assets.xcassets in Resources */ = {isa = PBXBuildFile; fileRef = 666485881EB153F600CA9791 /* Assets.xcassets */; };
		6664858C1EB153F600CA9791 /* LaunchScreen.storyboard in Resources */ = {isa = PBXBuildFile; fileRef = 6664858A1EB153F600CA9791 /* LaunchScreen.storyboard */; };
		666485971EB153F600CA9791 /* AreiosChiropracticTests.swift in Sources */ = {isa = PBXBuildFile; fileRef = 666485961EB153F600CA9791 /* AreiosChiropracticTests.swift */; };
		666485A21EB153F600CA9791 /* AreiosChiropracticUITests.swift in Sources */ = {isa = PBXBuildFile; fileRef = 666485A11EB153F600CA9791 /* AreiosChiropracticUITests.swift */; };
		666485B01EB159EB00CA9791 /* GoogleService-Info.plist in Resources */ = {isa = PBXBuildFile; fileRef = 666485AF1EB159EB00CA9791 /* GoogleService-Info.plist */; };
		BE832D8905F0C1E82EA1152C /* Pods_AreiosChiropractic.framework in Frameworks */ = {isa = PBXBuildFile; fileRef = C761F80B999926EA7F812099 /* Pods_AreiosChiropractic.framework */; };
		CA3BB8DC242B9339AE478F52 /* Pods_AreiosChiropracticTests.framework in Frameworks */ = {isa = PBXBuildFile; fileRef = 669F0ECC477AF2CE4EFD2A26 /* Pods_AreiosChiropracticTests.framework */; };
/* End PBXBuildFile section */

/* Begin PBXContainerItemProxy section */
		666485931EB153F600CA9791 /* PBXContainerItemProxy */ = {
			isa = PBXContainerItemProxy;
			containerPortal = 666485761EB153F600CA9791 /* Project object */;
			proxyType = 1;
			remoteGlobalIDString = 6664857D1EB153F600CA9791;
			remoteInfo = AreiosChiropractic;
		};
		6664859E1EB153F600CA9791 /* PBXContainerItemProxy */ = {
			isa = PBXContainerItemProxy;
			containerPortal = 666485761EB153F600CA9791 /* Project object */;
			proxyType = 1;
			remoteGlobalIDString = 6664857D1EB153F600CA9791;
			remoteInfo = AreiosChiropractic;
		};
/* End PBXContainerItemProxy section */

/* Begin PBXFileReference section */
		126CB824A6D2D89BEFBCA2DC /* Pods-AreiosChiropracticTests.debug.xcconfig */ = {isa = PBXFileReference; includeInIndex = 1; lastKnownFileType = text.xcconfig; name = "Pods-AreiosChiropracticTests.debug.xcconfig"; path = "Pods/Target Support Files/Pods-AreiosChiropracticTests/Pods-AreiosChiropracticTests.debug.xcconfig"; sourceTree = "<group>"; };
		397353EBE0783FCFEDFF1078 /* Pods-AreiosChiropractic.release.xcconfig */ = {isa = PBXFileReference; includeInIndex = 1; lastKnownFileType = text.xcconfig; name = "Pods-AreiosChiropractic.release.xcconfig"; path = "Pods/Target Support Files/Pods-AreiosChiropractic/Pods-AreiosChiropractic.release.xcconfig"; sourceTree = "<group>"; };
		479C2C9D04A04DB66D795BDD /* Pods-AreiosChiropracticTests.release.xcconfig */ = {isa = PBXFileReference; includeInIndex = 1; lastKnownFileType = text.xcconfig; name = "Pods-AreiosChiropracticTests.release.xcconfig"; path = "Pods/Target Support Files/Pods-AreiosChiropracticTests/Pods-AreiosChiropracticTests.release.xcconfig"; sourceTree = "<group>"; };
		6047A1BD55B020679348F165 /* Pods-AreiosChiropracticUITests.debug.xcconfig */ = {isa = PBXFileReference; includeInIndex = 1; lastKnownFileType = text.xcconfig; name = "Pods-AreiosChiropracticUITests.debug.xcconfig"; path = "Pods/Target Support Files/Pods-AreiosChiropracticUITests/Pods-AreiosChiropracticUITests.debug.xcconfig"; sourceTree = "<group>"; };
		6611580E1EB2AAFD003732E3 /* iPad.storyboard */ = {isa = PBXFileReference; fileEncoding = 4; lastKnownFileType = file.storyboard; path = iPad.storyboard; sourceTree = "<group>"; };
		661158101EB2AB29003732E3 /* Main.storyboard */ = {isa = PBXFileReference; fileEncoding = 4; lastKnownFileType = file.storyboard; path = Main.storyboard; sourceTree = "<group>"; };
		661158191EB2ABD3003732E3 /* String+Extension.swift */ = {isa = PBXFileReference; fileEncoding = 4; lastKnownFileType = sourcecode.swift; path = "String+Extension.swift"; sourceTree = "<group>"; };
		6611581A1EB2ABD3003732E3 /* UIColor+Extension.swift */ = {isa = PBXFileReference; fileEncoding = 4; lastKnownFileType = sourcecode.swift; path = "UIColor+Extension.swift"; sourceTree = "<group>"; };
		6611581D1EB2ABEC003732E3 /* Constants.swift */ = {isa = PBXFileReference; fileEncoding = 4; lastKnownFileType = sourcecode.swift; path = Constants.swift; sourceTree = "<group>"; };
		6611581E1EB2ABEC003732E3 /* DateHelper.swift */ = {isa = PBXFileReference; fileEncoding = 4; lastKnownFileType = sourcecode.swift; path = DateHelper.swift; sourceTree = "<group>"; };
		6611581F1EB2ABEC003732E3 /* DocumentManager.swift */ = {isa = PBXFileReference; fileEncoding = 4; lastKnownFileType = sourcecode.swift; path = DocumentManager.swift; sourceTree = "<group>"; };
		661158201EB2ABEC003732E3 /* Enums.swift */ = {isa = PBXFileReference; fileEncoding = 4; lastKnownFileType = sourcecode.swift; path = Enums.swift; sourceTree = "<group>"; };
		661158211EB2ABEC003732E3 /* FirebaseController.swift */ = {isa = PBXFileReference; fileEncoding = 4; lastKnownFileType = sourcecode.swift; path = FirebaseController.swift; sourceTree = "<group>"; };
		661158221EB2ABEC003732E3 /* ImagesHelper.swift */ = {isa = PBXFileReference; fileEncoding = 4; lastKnownFileType = sourcecode.swift; path = ImagesHelper.swift; sourceTree = "<group>"; };
		661158231EB2ABEC003732E3 /* LoaderView.swift */ = {isa = PBXFileReference; fileEncoding = 4; lastKnownFileType = sourcecode.swift; path = LoaderView.swift; sourceTree = "<group>"; };
		661158241EB2ABEC003732E3 /* ViewPrinter.swift */ = {isa = PBXFileReference; fileEncoding = 4; lastKnownFileType = sourcecode.swift; path = ViewPrinter.swift; sourceTree = "<group>"; };
		661158251EB2ABEC003732E3 /* ViewTransitionManager.swift */ = {isa = PBXFileReference; fileEncoding = 4; lastKnownFileType = sourcecode.swift; path = ViewTransitionManager.swift; sourceTree = "<group>"; };
		6611582F1EB2AC04003732E3 /* OfficeSignInTableViewController.swift */ = {isa = PBXFileReference; fileEncoding = 4; lastKnownFileType = sourcecode.swift; lineEnding = 0; path = OfficeSignInTableViewController.swift; sourceTree = "<group>"; xcLanguageSpecificationIdentifier = xcode.lang.swift; };
		661158301EB2AC04003732E3 /* SignatureCaptureView.swift */ = {isa = PBXFileReference; fileEncoding = 4; lastKnownFileType = sourcecode.swift; path = SignatureCaptureView.swift; sourceTree = "<group>"; };
		661158331EB2AC15003732E3 /* InitialViewController.swift */ = {isa = PBXFileReference; fileEncoding = 4; lastKnownFileType = sourcecode.swift; path = InitialViewController.swift; sourceTree = "<group>"; };
		661158341EB2AC15003732E3 /* LoginSignUpTableViewController.swift */ = {isa = PBXFileReference; fileEncoding = 4; lastKnownFileType = sourcecode.swift; path = LoginSignUpTableViewController.swift; sourceTree = "<group>"; };
		661158351EB2AC15003732E3 /* PracticeMemberDetailTableViewController.swift */ = {isa = PBXFileReference; fileEncoding = 4; lastKnownFileType = sourcecode.swift; lineEnding = 0; path = PracticeMemberDetailTableViewController.swift; sourceTree = "<group>"; xcLanguageSpecificationIdentifier = xcode.lang.swift; };
		661158361EB2AC15003732E3 /* PracticeMemberListViewController.swift */ = {isa = PBXFileReference; fileEncoding = 4; lastKnownFileType = sourcecode.swift; lineEnding = 0; path = PracticeMemberListViewController.swift; sourceTree = "<group>"; xcLanguageSpecificationIdentifier = xcode.lang.swift; };
		661158371EB2AC15003732E3 /* PracticeMemberTableViewCell.swift */ = {isa = PBXFileReference; fileEncoding = 4; lastKnownFileType = sourcecode.swift; path = PracticeMemberTableViewCell.swift; sourceTree = "<group>"; };
		661158381EB2AC15003732E3 /* WebViewController.swift */ = {isa = PBXFileReference; fileEncoding = 4; lastKnownFileType = sourcecode.swift; path = WebViewController.swift; sourceTree = "<group>"; };
		6611583F1EB2AC29003732E3 /* AccountController.swift */ = {isa = PBXFileReference; fileEncoding = 4; lastKnownFileType = sourcecode.swift; path = AccountController.swift; sourceTree = "<group>"; };
		661158401EB2AC29003732E3 /* ImageController.swift */ = {isa = PBXFileReference; fileEncoding = 4; lastKnownFileType = sourcecode.swift; lineEnding = 0; path = ImageController.swift; sourceTree = "<group>"; xcLanguageSpecificationIdentifier = xcode.lang.swift; };
		661158411EB2AC29003732E3 /* PracticeMemberController.swift */ = {isa = PBXFileReference; fileEncoding = 4; lastKnownFileType = sourcecode.swift; lineEnding = 0; path = PracticeMemberController.swift; sourceTree = "<group>"; xcLanguageSpecificationIdentifier = xcode.lang.swift; };
		661158451EB2AC3E003732E3 /* Account.swift */ = {isa = PBXFileReference; fileEncoding = 4; lastKnownFileType = sourcecode.swift; path = Account.swift; sourceTree = "<group>"; };
		661158461EB2AC3E003732E3 /* Client.swift */ = {isa = PBXFileReference; fileEncoding = 4; lastKnownFileType = sourcecode.swift; lineEnding = 0; path = Client.swift; sourceTree = "<group>"; xcLanguageSpecificationIdentifier = xcode.lang.swift; };
		661158471EB2AC3E003732E3 /* PrinterLabel.swift */ = {isa = PBXFileReference; fileEncoding = 4; lastKnownFileType = sourcecode.swift; path = PrinterLabel.swift; sourceTree = "<group>"; };
		6664857E1EB153F600CA9791 /* AreiosChiropractic.app */ = {isa = PBXFileReference; explicitFileType = wrapper.application; includeInIndex = 0; path = AreiosChiropractic.app; sourceTree = BUILT_PRODUCTS_DIR; };
		666485811EB153F600CA9791 /* AppDelegate.swift */ = {isa = PBXFileReference; lastKnownFileType = sourcecode.swift; path = AppDelegate.swift; sourceTree = "<group>"; };
		666485881EB153F600CA9791 /* Assets.xcassets */ = {isa = PBXFileReference; lastKnownFileType = folder.assetcatalog; path = Assets.xcassets; sourceTree = "<group>"; };
		6664858B1EB153F600CA9791 /* Base */ = {isa = PBXFileReference; lastKnownFileType = file.storyboard; name = Base; path = Base.lproj/LaunchScreen.storyboard; sourceTree = "<group>"; };
		6664858D1EB153F600CA9791 /* Info.plist */ = {isa = PBXFileReference; lastKnownFileType = text.plist.xml; path = Info.plist; sourceTree = "<group>"; };
		666485921EB153F600CA9791 /* AreiosChiropracticTests.xctest */ = {isa = PBXFileReference; explicitFileType = wrapper.cfbundle; includeInIndex = 0; path = AreiosChiropracticTests.xctest; sourceTree = BUILT_PRODUCTS_DIR; };
		666485961EB153F600CA9791 /* AreiosChiropracticTests.swift */ = {isa = PBXFileReference; lastKnownFileType = sourcecode.swift; path = AreiosChiropracticTests.swift; sourceTree = "<group>"; };
		666485981EB153F600CA9791 /* Info.plist */ = {isa = PBXFileReference; lastKnownFileType = text.plist.xml; path = Info.plist; sourceTree = "<group>"; };
		6664859D1EB153F600CA9791 /* AreiosChiropracticUITests.xctest */ = {isa = PBXFileReference; explicitFileType = wrapper.cfbundle; includeInIndex = 0; path = AreiosChiropracticUITests.xctest; sourceTree = BUILT_PRODUCTS_DIR; };
		666485A11EB153F600CA9791 /* AreiosChiropracticUITests.swift */ = {isa = PBXFileReference; lastKnownFileType = sourcecode.swift; path = AreiosChiropracticUITests.swift; sourceTree = "<group>"; };
		666485A31EB153F600CA9791 /* Info.plist */ = {isa = PBXFileReference; lastKnownFileType = text.plist.xml; path = Info.plist; sourceTree = "<group>"; };
		666485AF1EB159EB00CA9791 /* GoogleService-Info.plist */ = {isa = PBXFileReference; fileEncoding = 4; lastKnownFileType = text.plist.xml; path = "GoogleService-Info.plist"; sourceTree = "<group>"; };
		669F0ECC477AF2CE4EFD2A26 /* Pods_AreiosChiropracticTests.framework */ = {isa = PBXFileReference; explicitFileType = wrapper.framework; includeInIndex = 0; path = Pods_AreiosChiropracticTests.framework; sourceTree = BUILT_PRODUCTS_DIR; };
		954ADCD4E14A9F4860714F34 /* Pods-AreiosChiropracticUITests.release.xcconfig */ = {isa = PBXFileReference; includeInIndex = 1; lastKnownFileType = text.xcconfig; name = "Pods-AreiosChiropracticUITests.release.xcconfig"; path = "Pods/Target Support Files/Pods-AreiosChiropracticUITests/Pods-AreiosChiropracticUITests.release.xcconfig"; sourceTree = "<group>"; };
		9F1278A84A2DDB8EA8A0F560 /* Pods_AreiosChiropracticUITests.framework */ = {isa = PBXFileReference; explicitFileType = wrapper.framework; includeInIndex = 0; path = Pods_AreiosChiropracticUITests.framework; sourceTree = BUILT_PRODUCTS_DIR; };
		B1D08F3E6DF737BD1C47CDC7 /* Pods-AreiosChiropractic.debug.xcconfig */ = {isa = PBXFileReference; includeInIndex = 1; lastKnownFileType = text.xcconfig; name = "Pods-AreiosChiropractic.debug.xcconfig"; path = "Pods/Target Support Files/Pods-AreiosChiropractic/Pods-AreiosChiropractic.debug.xcconfig"; sourceTree = "<group>"; };
		C761F80B999926EA7F812099 /* Pods_AreiosChiropractic.framework */ = {isa = PBXFileReference; explicitFileType = wrapper.framework; includeInIndex = 0; path = Pods_AreiosChiropractic.framework; sourceTree = BUILT_PRODUCTS_DIR; };
/* End PBXFileReference section */

/* Begin PBXFrameworksBuildPhase section */
		6664857B1EB153F600CA9791 /* Frameworks */ = {
			isa = PBXFrameworksBuildPhase;
			buildActionMask = 2147483647;
			files = (
				BE832D8905F0C1E82EA1152C /* Pods_AreiosChiropractic.framework in Frameworks */,
			);
			runOnlyForDeploymentPostprocessing = 0;
		};
		6664858F1EB153F600CA9791 /* Frameworks */ = {
			isa = PBXFrameworksBuildPhase;
			buildActionMask = 2147483647;
			files = (
				CA3BB8DC242B9339AE478F52 /* Pods_AreiosChiropracticTests.framework in Frameworks */,
			);
			runOnlyForDeploymentPostprocessing = 0;
		};
		6664859A1EB153F600CA9791 /* Frameworks */ = {
			isa = PBXFrameworksBuildPhase;
			buildActionMask = 2147483647;
			files = (
				1DC4CBBCF2EEC939BE116723 /* Pods_AreiosChiropracticUITests.framework in Frameworks */,
			);
			runOnlyForDeploymentPostprocessing = 0;
		};
/* End PBXFrameworksBuildPhase section */

/* Begin PBXGroup section */
		661158121EB2AB54003732E3 /* ViewController */ = {
			isa = PBXGroup;
			children = (
				661158131EB2AB60003732E3 /* iPhone */,
				661158141EB2AB67003732E3 /* iPad */,
			);
			name = ViewController;
			sourceTree = "<group>";
		};
		661158131EB2AB60003732E3 /* iPhone */ = {
			isa = PBXGroup;
			children = (
				661158101EB2AB29003732E3 /* Main.storyboard */,
				661158331EB2AC15003732E3 /* InitialViewController.swift */,
				661158341EB2AC15003732E3 /* LoginSignUpTableViewController.swift */,
				661158351EB2AC15003732E3 /* PracticeMemberDetailTableViewController.swift */,
				661158361EB2AC15003732E3 /* PracticeMemberListViewController.swift */,
				661158371EB2AC15003732E3 /* PracticeMemberTableViewCell.swift */,
				661158381EB2AC15003732E3 /* WebViewController.swift */,
			);
			name = iPhone;
			sourceTree = "<group>";
		};
		661158141EB2AB67003732E3 /* iPad */ = {
			isa = PBXGroup;
			children = (
				6611580E1EB2AAFD003732E3 /* iPad.storyboard */,
				6611582F1EB2AC04003732E3 /* OfficeSignInTableViewController.swift */,
				661158301EB2AC04003732E3 /* SignatureCaptureView.swift */,
			);
			name = iPad;
			sourceTree = "<group>";
		};
		661158151EB2AB6C003732E3 /* ModelController */ = {
			isa = PBXGroup;
			children = (
				6611583F1EB2AC29003732E3 /* AccountController.swift */,
				661158401EB2AC29003732E3 /* ImageController.swift */,
				661158411EB2AC29003732E3 /* PracticeMemberController.swift */,
			);
			name = ModelController;
			sourceTree = "<group>";
		};
		661158161EB2AB85003732E3 /* Model */ = {
			isa = PBXGroup;
			children = (
				661158451EB2AC3E003732E3 /* Account.swift */,
				661158461EB2AC3E003732E3 /* Client.swift */,
				661158471EB2AC3E003732E3 /* PrinterLabel.swift */,
			);
			name = Model;
			sourceTree = "<group>";
		};
		661158171EB2AB8F003732E3 /* Helper */ = {
			isa = PBXGroup;
			children = (
				6611581D1EB2ABEC003732E3 /* Constants.swift */,
				6611581E1EB2ABEC003732E3 /* DateHelper.swift */,
				6611581F1EB2ABEC003732E3 /* DocumentManager.swift */,
				661158201EB2ABEC003732E3 /* Enums.swift */,
				661158211EB2ABEC003732E3 /* FirebaseController.swift */,
				661158221EB2ABEC003732E3 /* ImagesHelper.swift */,
				661158231EB2ABEC003732E3 /* LoaderView.swift */,
				661158241EB2ABEC003732E3 /* ViewPrinter.swift */,
				661158251EB2ABEC003732E3 /* ViewTransitionManager.swift */,
				661158181EB2AB9C003732E3 /* Extensions */,
			);
			name = Helper;
			sourceTree = "<group>";
		};
		661158181EB2AB9C003732E3 /* Extensions */ = {
			isa = PBXGroup;
			children = (
				661158191EB2ABD3003732E3 /* String+Extension.swift */,
				6611581A1EB2ABD3003732E3 /* UIColor+Extension.swift */,
			);
			name = Extensions;
			sourceTree = "<group>";
		};
		666485751EB153F600CA9791 = {
			isa = PBXGroup;
			children = (
				666485801EB153F600CA9791 /* AreiosChiropractic */,
				666485951EB153F600CA9791 /* AreiosChiropracticTests */,
				666485A01EB153F600CA9791 /* AreiosChiropracticUITests */,
				6664857F1EB153F600CA9791 /* Products */,
				E658A102E2B5CF1ECDFB168E /* Pods */,
				AE36616B61BD155BB65943BD /* Frameworks */,
			);
			sourceTree = "<group>";
		};
		6664857F1EB153F600CA9791 /* Products */ = {
			isa = PBXGroup;
			children = (
				6664857E1EB153F600CA9791 /* AreiosChiropractic.app */,
				666485921EB153F600CA9791 /* AreiosChiropracticTests.xctest */,
				6664859D1EB153F600CA9791 /* AreiosChiropracticUITests.xctest */,
			);
			name = Products;
			sourceTree = "<group>";
		};
		666485801EB153F600CA9791 /* AreiosChiropractic */ = {
			isa = PBXGroup;
			children = (
				666485811EB153F600CA9791 /* AppDelegate.swift */,
				661158161EB2AB85003732E3 /* Model */,
				661158151EB2AB6C003732E3 /* ModelController */,
				661158121EB2AB54003732E3 /* ViewController */,
				661158171EB2AB8F003732E3 /* Helper */,
				668311B11EB15B830005E044 /* Resources */,
			);
			path = AreiosChiropractic;
			sourceTree = "<group>";
		};
		666485951EB153F600CA9791 /* AreiosChiropracticTests */ = {
			isa = PBXGroup;
			children = (
				666485961EB153F600CA9791 /* AreiosChiropracticTests.swift */,
				666485981EB153F600CA9791 /* Info.plist */,
			);
			path = AreiosChiropracticTests;
			sourceTree = "<group>";
		};
		666485A01EB153F600CA9791 /* AreiosChiropracticUITests */ = {
			isa = PBXGroup;
			children = (
				666485A11EB153F600CA9791 /* AreiosChiropracticUITests.swift */,
				666485A31EB153F600CA9791 /* Info.plist */,
			);
			path = AreiosChiropracticUITests;
			sourceTree = "<group>";
		};
		668311B11EB15B830005E044 /* Resources */ = {
			isa = PBXGroup;
			children = (
				666485881EB153F600CA9791 /* Assets.xcassets */,
				6664858A1EB153F600CA9791 /* LaunchScreen.storyboard */,
				6664858D1EB153F600CA9791 /* Info.plist */,
				666485AF1EB159EB00CA9791 /* GoogleService-Info.plist */,
			);
			name = Resources;
			sourceTree = "<group>";
		};
		AE36616B61BD155BB65943BD /* Frameworks */ = {
			isa = PBXGroup;
			children = (
				C761F80B999926EA7F812099 /* Pods_AreiosChiropractic.framework */,
				669F0ECC477AF2CE4EFD2A26 /* Pods_AreiosChiropracticTests.framework */,
				9F1278A84A2DDB8EA8A0F560 /* Pods_AreiosChiropracticUITests.framework */,
			);
			name = Frameworks;
			sourceTree = "<group>";
		};
		E658A102E2B5CF1ECDFB168E /* Pods */ = {
			isa = PBXGroup;
			children = (
				B1D08F3E6DF737BD1C47CDC7 /* Pods-AreiosChiropractic.debug.xcconfig */,
				397353EBE0783FCFEDFF1078 /* Pods-AreiosChiropractic.release.xcconfig */,
				126CB824A6D2D89BEFBCA2DC /* Pods-AreiosChiropracticTests.debug.xcconfig */,
				479C2C9D04A04DB66D795BDD /* Pods-AreiosChiropracticTests.release.xcconfig */,
				6047A1BD55B020679348F165 /* Pods-AreiosChiropracticUITests.debug.xcconfig */,
				954ADCD4E14A9F4860714F34 /* Pods-AreiosChiropracticUITests.release.xcconfig */,
			);
			name = Pods;
			sourceTree = "<group>";
		};
/* End PBXGroup section */

/* Begin PBXNativeTarget section */
		6664857D1EB153F600CA9791 /* AreiosChiropractic */ = {
			isa = PBXNativeTarget;
			buildConfigurationList = 666485A61EB153F600CA9791 /* Build configuration list for PBXNativeTarget "AreiosChiropractic" */;
			buildPhases = (
				7C9B12B202F7407F44971C62 /* [CP] Check Pods Manifest.lock */,
				6664857A1EB153F600CA9791 /* Sources */,
				6664857B1EB153F600CA9791 /* Frameworks */,
				6664857C1EB153F600CA9791 /* Resources */,
				339058250A481C9D41375644 /* [CP] Embed Pods Frameworks */,
				DDAC9F4D2E0E8DA2FFB446EC /* [CP] Copy Pods Resources */,
			);
			buildRules = (
			);
			dependencies = (
			);
			name = AreiosChiropractic;
			productName = AreiosChiropractic;
			productReference = 6664857E1EB153F600CA9791 /* AreiosChiropractic.app */;
			productType = "com.apple.product-type.application";
		};
		666485911EB153F600CA9791 /* AreiosChiropracticTests */ = {
			isa = PBXNativeTarget;
			buildConfigurationList = 666485A91EB153F600CA9791 /* Build configuration list for PBXNativeTarget "AreiosChiropracticTests" */;
			buildPhases = (
				9B84D80393189757BD4BD58A /* [CP] Check Pods Manifest.lock */,
				6664858E1EB153F600CA9791 /* Sources */,
				6664858F1EB153F600CA9791 /* Frameworks */,
				666485901EB153F600CA9791 /* Resources */,
				F6450DD6932B30512ED449B2 /* [CP] Embed Pods Frameworks */,
				CF1F6508AD5D8D8F6AED1475 /* [CP] Copy Pods Resources */,
			);
			buildRules = (
			);
			dependencies = (
				666485941EB153F600CA9791 /* PBXTargetDependency */,
			);
			name = AreiosChiropracticTests;
			productName = AreiosChiropracticTests;
			productReference = 666485921EB153F600CA9791 /* AreiosChiropracticTests.xctest */;
			productType = "com.apple.product-type.bundle.unit-test";
		};
		6664859C1EB153F600CA9791 /* AreiosChiropracticUITests */ = {
			isa = PBXNativeTarget;
			buildConfigurationList = 666485AC1EB153F600CA9791 /* Build configuration list for PBXNativeTarget "AreiosChiropracticUITests" */;
			buildPhases = (
				76F3410C73F02F3DC216CDA4 /* [CP] Check Pods Manifest.lock */,
				666485991EB153F600CA9791 /* Sources */,
				6664859A1EB153F600CA9791 /* Frameworks */,
				6664859B1EB153F600CA9791 /* Resources */,
				27EFADAD2CA128BC7EC49343 /* [CP] Embed Pods Frameworks */,
				113CA7B8F798A9F2C125B438 /* [CP] Copy Pods Resources */,
			);
			buildRules = (
			);
			dependencies = (
				6664859F1EB153F600CA9791 /* PBXTargetDependency */,
			);
			name = AreiosChiropracticUITests;
			productName = AreiosChiropracticUITests;
			productReference = 6664859D1EB153F600CA9791 /* AreiosChiropracticUITests.xctest */;
			productType = "com.apple.product-type.bundle.ui-testing";
		};
/* End PBXNativeTarget section */

/* Begin PBXProject section */
		666485761EB153F600CA9791 /* Project object */ = {
			isa = PBXProject;
			attributes = {
				LastSwiftUpdateCheck = 0830;
				LastUpgradeCheck = 0830;
				ORGANIZATIONNAME = "Nicholas Laughter";
				TargetAttributes = {
					6664857D1EB153F600CA9791 = {
						CreatedOnToolsVersion = 8.3.2;
						DevelopmentTeam = B24U63J96U;
						ProvisioningStyle = Automatic;
					};
					666485911EB153F600CA9791 = {
						CreatedOnToolsVersion = 8.3.2;
						DevelopmentTeam = B24U63J96U;
						ProvisioningStyle = Automatic;
						TestTargetID = 6664857D1EB153F600CA9791;
					};
					6664859C1EB153F600CA9791 = {
						CreatedOnToolsVersion = 8.3.2;
						DevelopmentTeam = B24U63J96U;
						ProvisioningStyle = Automatic;
						TestTargetID = 6664857D1EB153F600CA9791;
					};
				};
			};
			buildConfigurationList = 666485791EB153F600CA9791 /* Build configuration list for PBXProject "AreiosChiropractic" */;
			compatibilityVersion = "Xcode 3.2";
			developmentRegion = English;
			hasScannedForEncodings = 0;
			knownRegions = (
				en,
				Base,
			);
			mainGroup = 666485751EB153F600CA9791;
			productRefGroup = 6664857F1EB153F600CA9791 /* Products */;
			projectDirPath = "";
			projectRoot = "";
			targets = (
				6664857D1EB153F600CA9791 /* AreiosChiropractic */,
				666485911EB153F600CA9791 /* AreiosChiropracticTests */,
				6664859C1EB153F600CA9791 /* AreiosChiropracticUITests */,
			);
		};
/* End PBXProject section */

/* Begin PBXResourcesBuildPhase section */
		6664857C1EB153F600CA9791 /* Resources */ = {
			isa = PBXResourcesBuildPhase;
			buildActionMask = 2147483647;
			files = (
				6611580F1EB2AAFD003732E3 /* iPad.storyboard in Resources */,
				661158111EB2AB29003732E3 /* Main.storyboard in Resources */,
				6664858C1EB153F600CA9791 /* LaunchScreen.storyboard in Resources */,
				666485891EB153F600CA9791 /* Assets.xcassets in Resources */,
				666485B01EB159EB00CA9791 /* GoogleService-Info.plist in Resources */,
			);
			runOnlyForDeploymentPostprocessing = 0;
		};
		666485901EB153F600CA9791 /* Resources */ = {
			isa = PBXResourcesBuildPhase;
			buildActionMask = 2147483647;
			files = (
			);
			runOnlyForDeploymentPostprocessing = 0;
		};
		6664859B1EB153F600CA9791 /* Resources */ = {
			isa = PBXResourcesBuildPhase;
			buildActionMask = 2147483647;
			files = (
			);
			runOnlyForDeploymentPostprocessing = 0;
		};
/* End PBXResourcesBuildPhase section */

/* Begin PBXShellScriptBuildPhase section */
		113CA7B8F798A9F2C125B438 /* [CP] Copy Pods Resources */ = {
			isa = PBXShellScriptBuildPhase;
			buildActionMask = 2147483647;
			files = (
			);
			inputPaths = (
			);
			name = "[CP] Copy Pods Resources";
			outputPaths = (
			);
			runOnlyForDeploymentPostprocessing = 0;
			shellPath = /bin/sh;
			shellScript = "\"${SRCROOT}/Pods/Target Support Files/Pods-AreiosChiropracticUITests/Pods-AreiosChiropracticUITests-resources.sh\"\n";
			showEnvVarsInLog = 0;
		};
		27EFADAD2CA128BC7EC49343 /* [CP] Embed Pods Frameworks */ = {
			isa = PBXShellScriptBuildPhase;
			buildActionMask = 2147483647;
			files = (
			);
			inputPaths = (
			);
			name = "[CP] Embed Pods Frameworks";
			outputPaths = (
			);
			runOnlyForDeploymentPostprocessing = 0;
			shellPath = /bin/sh;
			shellScript = "\"${SRCROOT}/Pods/Target Support Files/Pods-AreiosChiropracticUITests/Pods-AreiosChiropracticUITests-frameworks.sh\"\n";
			showEnvVarsInLog = 0;
		};
		339058250A481C9D41375644 /* [CP] Embed Pods Frameworks */ = {
			isa = PBXShellScriptBuildPhase;
			buildActionMask = 2147483647;
			files = (
			);
			inputPaths = (
			);
			name = "[CP] Embed Pods Frameworks";
			outputPaths = (
			);
			runOnlyForDeploymentPostprocessing = 0;
			shellPath = /bin/sh;
			shellScript = "\"${SRCROOT}/Pods/Target Support Files/Pods-AreiosChiropractic/Pods-AreiosChiropractic-frameworks.sh\"\n";
			showEnvVarsInLog = 0;
		};
		76F3410C73F02F3DC216CDA4 /* [CP] Check Pods Manifest.lock */ = {
			isa = PBXShellScriptBuildPhase;
			buildActionMask = 2147483647;
			files = (
			);
			inputPaths = (
			);
			name = "[CP] Check Pods Manifest.lock";
			outputPaths = (
			);
			runOnlyForDeploymentPostprocessing = 0;
			shellPath = /bin/sh;
			shellScript = "diff \"${PODS_PODFILE_DIR_PATH}/Podfile.lock\" \"${PODS_ROOT}/Manifest.lock\" > /dev/null\nif [ $? != 0 ] ; then\n    # print error to STDERR\n    echo \"error: The sandbox is not in sync with the Podfile.lock. Run 'pod install' or update your CocoaPods installation.\" >&2\n    exit 1\nfi\n";
			showEnvVarsInLog = 0;
		};
		7C9B12B202F7407F44971C62 /* [CP] Check Pods Manifest.lock */ = {
			isa = PBXShellScriptBuildPhase;
			buildActionMask = 2147483647;
			files = (
			);
			inputPaths = (
			);
			name = "[CP] Check Pods Manifest.lock";
			outputPaths = (
			);
			runOnlyForDeploymentPostprocessing = 0;
			shellPath = /bin/sh;
			shellScript = "diff \"${PODS_PODFILE_DIR_PATH}/Podfile.lock\" \"${PODS_ROOT}/Manifest.lock\" > /dev/null\nif [ $? != 0 ] ; then\n    # print error to STDERR\n    echo \"error: The sandbox is not in sync with the Podfile.lock. Run 'pod install' or update your CocoaPods installation.\" >&2\n    exit 1\nfi\n";
			showEnvVarsInLog = 0;
		};
		9B84D80393189757BD4BD58A /* [CP] Check Pods Manifest.lock */ = {
			isa = PBXShellScriptBuildPhase;
			buildActionMask = 2147483647;
			files = (
			);
			inputPaths = (
			);
			name = "[CP] Check Pods Manifest.lock";
			outputPaths = (
			);
			runOnlyForDeploymentPostprocessing = 0;
			shellPath = /bin/sh;
			shellScript = "diff \"${PODS_PODFILE_DIR_PATH}/Podfile.lock\" \"${PODS_ROOT}/Manifest.lock\" > /dev/null\nif [ $? != 0 ] ; then\n    # print error to STDERR\n    echo \"error: The sandbox is not in sync with the Podfile.lock. Run 'pod install' or update your CocoaPods installation.\" >&2\n    exit 1\nfi\n";
			showEnvVarsInLog = 0;
		};
		CF1F6508AD5D8D8F6AED1475 /* [CP] Copy Pods Resources */ = {
			isa = PBXShellScriptBuildPhase;
			buildActionMask = 2147483647;
			files = (
			);
			inputPaths = (
			);
			name = "[CP] Copy Pods Resources";
			outputPaths = (
			);
			runOnlyForDeploymentPostprocessing = 0;
			shellPath = /bin/sh;
			shellScript = "\"${SRCROOT}/Pods/Target Support Files/Pods-AreiosChiropracticTests/Pods-AreiosChiropracticTests-resources.sh\"\n";
			showEnvVarsInLog = 0;
		};
		DDAC9F4D2E0E8DA2FFB446EC /* [CP] Copy Pods Resources */ = {
			isa = PBXShellScriptBuildPhase;
			buildActionMask = 2147483647;
			files = (
			);
			inputPaths = (
			);
			name = "[CP] Copy Pods Resources";
			outputPaths = (
			);
			runOnlyForDeploymentPostprocessing = 0;
			shellPath = /bin/sh;
			shellScript = "\"${SRCROOT}/Pods/Target Support Files/Pods-AreiosChiropractic/Pods-AreiosChiropractic-resources.sh\"\n";
			showEnvVarsInLog = 0;
		};
		F6450DD6932B30512ED449B2 /* [CP] Embed Pods Frameworks */ = {
			isa = PBXShellScriptBuildPhase;
			buildActionMask = 2147483647;
			files = (
			);
			inputPaths = (
			);
			name = "[CP] Embed Pods Frameworks";
			outputPaths = (
			);
			runOnlyForDeploymentPostprocessing = 0;
			shellPath = /bin/sh;
			shellScript = "\"${SRCROOT}/Pods/Target Support Files/Pods-AreiosChiropracticTests/Pods-AreiosChiropracticTests-frameworks.sh\"\n";
			showEnvVarsInLog = 0;
		};
/* End PBXShellScriptBuildPhase section */

/* Begin PBXSourcesBuildPhase section */
		6664857A1EB153F600CA9791 /* Sources */ = {
			isa = PBXSourcesBuildPhase;
			buildActionMask = 2147483647;
			files = (
				661158421EB2AC29003732E3 /* AccountController.swift in Sources */,
				661158391EB2AC15003732E3 /* InitialViewController.swift in Sources */,
				6611583C1EB2AC15003732E3 /* PracticeMemberListViewController.swift in Sources */,
				661158491EB2AC3E003732E3 /* Client.swift in Sources */,
				6611582A1EB2ABEC003732E3 /* FirebaseController.swift in Sources */,
				661158441EB2AC29003732E3 /* PracticeMemberController.swift in Sources */,
				661158481EB2AC3E003732E3 /* Account.swift in Sources */,
				6611583E1EB2AC15003732E3 /* WebViewController.swift in Sources */,
				6611582D1EB2ABEC003732E3 /* ViewPrinter.swift in Sources */,
				661158271EB2ABEC003732E3 /* DateHelper.swift in Sources */,
				6611581C1EB2ABD3003732E3 /* UIColor+Extension.swift in Sources */,
				6611583A1EB2AC15003732E3 /* LoginSignUpTableViewController.swift in Sources */,
				6611581B1EB2ABD3003732E3 /* String+Extension.swift in Sources */,
				666485821EB153F600CA9791 /* AppDelegate.swift in Sources */,
				6611583D1EB2AC15003732E3 /* PracticeMemberTableViewCell.swift in Sources */,
				661158291EB2ABEC003732E3 /* Enums.swift in Sources */,
				6611582E1EB2ABEC003732E3 /* ViewTransitionManager.swift in Sources */,
				6611583B1EB2AC15003732E3 /* PracticeMemberDetailTableViewController.swift in Sources */,
				661158281EB2ABEC003732E3 /* DocumentManager.swift in Sources */,
				661158311EB2AC04003732E3 /* OfficeSignInTableViewController.swift in Sources */,
				661158431EB2AC29003732E3 /* ImageController.swift in Sources */,
				6611584A1EB2AC3E003732E3 /* PrinterLabel.swift in Sources */,
				661158321EB2AC04003732E3 /* SignatureCaptureView.swift in Sources */,
				6611582C1EB2ABEC003732E3 /* LoaderView.swift in Sources */,
				661158261EB2ABEC003732E3 /* Constants.swift in Sources */,
				6611582B1EB2ABEC003732E3 /* ImagesHelper.swift in Sources */,
			);
			runOnlyForDeploymentPostprocessing = 0;
		};
		6664858E1EB153F600CA9791 /* Sources */ = {
			isa = PBXSourcesBuildPhase;
			buildActionMask = 2147483647;
			files = (
				666485971EB153F600CA9791 /* AreiosChiropracticTests.swift in Sources */,
			);
			runOnlyForDeploymentPostprocessing = 0;
		};
		666485991EB153F600CA9791 /* Sources */ = {
			isa = PBXSourcesBuildPhase;
			buildActionMask = 2147483647;
			files = (
				666485A21EB153F600CA9791 /* AreiosChiropracticUITests.swift in Sources */,
			);
			runOnlyForDeploymentPostprocessing = 0;
		};
/* End PBXSourcesBuildPhase section */

/* Begin PBXTargetDependency section */
		666485941EB153F600CA9791 /* PBXTargetDependency */ = {
			isa = PBXTargetDependency;
			target = 6664857D1EB153F600CA9791 /* AreiosChiropractic */;
			targetProxy = 666485931EB153F600CA9791 /* PBXContainerItemProxy */;
		};
		6664859F1EB153F600CA9791 /* PBXTargetDependency */ = {
			isa = PBXTargetDependency;
			target = 6664857D1EB153F600CA9791 /* AreiosChiropractic */;
			targetProxy = 6664859E1EB153F600CA9791 /* PBXContainerItemProxy */;
		};
/* End PBXTargetDependency section */

/* Begin PBXVariantGroup section */
		6664858A1EB153F600CA9791 /* LaunchScreen.storyboard */ = {
			isa = PBXVariantGroup;
			children = (
				6664858B1EB153F600CA9791 /* Base */,
			);
			name = LaunchScreen.storyboard;
			sourceTree = "<group>";
		};
/* End PBXVariantGroup section */

/* Begin XCBuildConfiguration section */
		666485A41EB153F600CA9791 /* Debug */ = {
			isa = XCBuildConfiguration;
			buildSettings = {
				ALWAYS_SEARCH_USER_PATHS = NO;
				CLANG_ANALYZER_NONNULL = YES;
				CLANG_ANALYZER_NUMBER_OBJECT_CONVERSION = YES_AGGRESSIVE;
				CLANG_CXX_LANGUAGE_STANDARD = "gnu++0x";
				CLANG_CXX_LIBRARY = "libc++";
				CLANG_ENABLE_MODULES = YES;
				CLANG_ENABLE_OBJC_ARC = YES;
				CLANG_WARN_BOOL_CONVERSION = YES;
				CLANG_WARN_CONSTANT_CONVERSION = YES;
				CLANG_WARN_DIRECT_OBJC_ISA_USAGE = YES_ERROR;
				CLANG_WARN_DOCUMENTATION_COMMENTS = YES;
				CLANG_WARN_EMPTY_BODY = YES;
				CLANG_WARN_ENUM_CONVERSION = YES;
				CLANG_WARN_INFINITE_RECURSION = YES;
				CLANG_WARN_INT_CONVERSION = YES;
				CLANG_WARN_OBJC_ROOT_CLASS = YES_ERROR;
				CLANG_WARN_SUSPICIOUS_MOVE = YES;
				CLANG_WARN_UNREACHABLE_CODE = YES;
				CLANG_WARN__DUPLICATE_METHOD_MATCH = YES;
				"CODE_SIGN_IDENTITY[sdk=iphoneos*]" = "iPhone Developer";
				COPY_PHASE_STRIP = NO;
				DEBUG_INFORMATION_FORMAT = dwarf;
				ENABLE_STRICT_OBJC_MSGSEND = YES;
				ENABLE_TESTABILITY = YES;
				GCC_C_LANGUAGE_STANDARD = gnu99;
				GCC_DYNAMIC_NO_PIC = NO;
				GCC_NO_COMMON_BLOCKS = YES;
				GCC_OPTIMIZATION_LEVEL = 0;
				GCC_PREPROCESSOR_DEFINITIONS = (
					"DEBUG=1",
					"$(inherited)",
				);
				GCC_WARN_64_TO_32_BIT_CONVERSION = YES;
				GCC_WARN_ABOUT_RETURN_TYPE = YES_ERROR;
				GCC_WARN_UNDECLARED_SELECTOR = YES;
				GCC_WARN_UNINITIALIZED_AUTOS = YES_AGGRESSIVE;
				GCC_WARN_UNUSED_FUNCTION = YES;
				GCC_WARN_UNUSED_VARIABLE = YES;
				IPHONEOS_DEPLOYMENT_TARGET = 10.3;
				MTL_ENABLE_DEBUG_INFO = YES;
				ONLY_ACTIVE_ARCH = YES;
				SDKROOT = iphoneos;
				SWIFT_ACTIVE_COMPILATION_CONDITIONS = DEBUG;
				SWIFT_OPTIMIZATION_LEVEL = "-Onone";
				TARGETED_DEVICE_FAMILY = "1,2";
			};
			name = Debug;
		};
		666485A51EB153F600CA9791 /* Release */ = {
			isa = XCBuildConfiguration;
			buildSettings = {
				ALWAYS_SEARCH_USER_PATHS = NO;
				CLANG_ANALYZER_NONNULL = YES;
				CLANG_ANALYZER_NUMBER_OBJECT_CONVERSION = YES_AGGRESSIVE;
				CLANG_CXX_LANGUAGE_STANDARD = "gnu++0x";
				CLANG_CXX_LIBRARY = "libc++";
				CLANG_ENABLE_MODULES = YES;
				CLANG_ENABLE_OBJC_ARC = YES;
				CLANG_WARN_BOOL_CONVERSION = YES;
				CLANG_WARN_CONSTANT_CONVERSION = YES;
				CLANG_WARN_DIRECT_OBJC_ISA_USAGE = YES_ERROR;
				CLANG_WARN_DOCUMENTATION_COMMENTS = YES;
				CLANG_WARN_EMPTY_BODY = YES;
				CLANG_WARN_ENUM_CONVERSION = YES;
				CLANG_WARN_INFINITE_RECURSION = YES;
				CLANG_WARN_INT_CONVERSION = YES;
				CLANG_WARN_OBJC_ROOT_CLASS = YES_ERROR;
				CLANG_WARN_SUSPICIOUS_MOVE = YES;
				CLANG_WARN_UNREACHABLE_CODE = YES;
				CLANG_WARN__DUPLICATE_METHOD_MATCH = YES;
				"CODE_SIGN_IDENTITY[sdk=iphoneos*]" = "iPhone Developer";
				COPY_PHASE_STRIP = NO;
				DEBUG_INFORMATION_FORMAT = "dwarf-with-dsym";
				ENABLE_NS_ASSERTIONS = NO;
				ENABLE_STRICT_OBJC_MSGSEND = YES;
				GCC_C_LANGUAGE_STANDARD = gnu99;
				GCC_NO_COMMON_BLOCKS = YES;
				GCC_WARN_64_TO_32_BIT_CONVERSION = YES;
				GCC_WARN_ABOUT_RETURN_TYPE = YES_ERROR;
				GCC_WARN_UNDECLARED_SELECTOR = YES;
				GCC_WARN_UNINITIALIZED_AUTOS = YES_AGGRESSIVE;
				GCC_WARN_UNUSED_FUNCTION = YES;
				GCC_WARN_UNUSED_VARIABLE = YES;
				IPHONEOS_DEPLOYMENT_TARGET = 10.3;
				MTL_ENABLE_DEBUG_INFO = NO;
				SDKROOT = iphoneos;
				SWIFT_OPTIMIZATION_LEVEL = "-Owholemodule";
				TARGETED_DEVICE_FAMILY = "1,2";
				VALIDATE_PRODUCT = YES;
			};
			name = Release;
		};
		666485A71EB153F600CA9791 /* Debug */ = {
			isa = XCBuildConfiguration;
			baseConfigurationReference = B1D08F3E6DF737BD1C47CDC7 /* Pods-AreiosChiropractic.debug.xcconfig */;
			buildSettings = {
				ASSETCATALOG_COMPILER_APPICON_NAME = AppIcon;
				DEVELOPMENT_TEAM = B24U63J96U;
				INFOPLIST_FILE = AreiosChiropractic/Info.plist;
				LD_RUNPATH_SEARCH_PATHS = "$(inherited) @executable_path/Frameworks";
				PRODUCT_BUNDLE_IDENTIFIER = ninja.areios.AreiosChiropractic;
				PRODUCT_NAME = "$(TARGET_NAME)";
				SWIFT_VERSION = 3.0;
			};
			name = Debug;
		};
		666485A81EB153F600CA9791 /* Release */ = {
			isa = XCBuildConfiguration;
			baseConfigurationReference = 397353EBE0783FCFEDFF1078 /* Pods-AreiosChiropractic.release.xcconfig */;
			buildSettings = {
				ASSETCATALOG_COMPILER_APPICON_NAME = AppIcon;
				DEVELOPMENT_TEAM = B24U63J96U;
				INFOPLIST_FILE = AreiosChiropractic/Info.plist;
				LD_RUNPATH_SEARCH_PATHS = "$(inherited) @executable_path/Frameworks";
				PRODUCT_BUNDLE_IDENTIFIER = ninja.areios.AreiosChiropractic;
				PRODUCT_NAME = "$(TARGET_NAME)";
				SWIFT_VERSION = 3.0;
			};
			name = Release;
		};
		666485AA1EB153F600CA9791 /* Debug */ = {
			isa = XCBuildConfiguration;
			baseConfigurationReference = 126CB824A6D2D89BEFBCA2DC /* Pods-AreiosChiropracticTests.debug.xcconfig */;
			buildSettings = {
				ALWAYS_EMBED_SWIFT_STANDARD_LIBRARIES = YES;
				BUNDLE_LOADER = "$(TEST_HOST)";
				DEVELOPMENT_TEAM = B24U63J96U;
				INFOPLIST_FILE = AreiosChiropracticTests/Info.plist;
				LD_RUNPATH_SEARCH_PATHS = "$(inherited) @executable_path/Frameworks @loader_path/Frameworks";
				PRODUCT_BUNDLE_IDENTIFIER = ninja.areios.AreiosChiropracticTests;
				PRODUCT_NAME = "$(TARGET_NAME)";
				SWIFT_VERSION = 3.0;
				TEST_HOST = "$(BUILT_PRODUCTS_DIR)/AreiosChiropractic.app/AreiosChiropractic";
			};
			name = Debug;
		};
		666485AB1EB153F600CA9791 /* Release */ = {
			isa = XCBuildConfiguration;
			baseConfigurationReference = 479C2C9D04A04DB66D795BDD /* Pods-AreiosChiropracticTests.release.xcconfig */;
			buildSettings = {
				ALWAYS_EMBED_SWIFT_STANDARD_LIBRARIES = YES;
				BUNDLE_LOADER = "$(TEST_HOST)";
				DEVELOPMENT_TEAM = B24U63J96U;
				INFOPLIST_FILE = AreiosChiropracticTests/Info.plist;
				LD_RUNPATH_SEARCH_PATHS = "$(inherited) @executable_path/Frameworks @loader_path/Frameworks";
				PRODUCT_BUNDLE_IDENTIFIER = ninja.areios.AreiosChiropracticTests;
				PRODUCT_NAME = "$(TARGET_NAME)";
				SWIFT_VERSION = 3.0;
				TEST_HOST = "$(BUILT_PRODUCTS_DIR)/AreiosChiropractic.app/AreiosChiropractic";
			};
			name = Release;
		};
		666485AD1EB153F600CA9791 /* Debug */ = {
			isa = XCBuildConfiguration;
			baseConfigurationReference = 6047A1BD55B020679348F165 /* Pods-AreiosChiropracticUITests.debug.xcconfig */;
			buildSettings = {
				ALWAYS_EMBED_SWIFT_STANDARD_LIBRARIES = YES;
				DEVELOPMENT_TEAM = B24U63J96U;
				INFOPLIST_FILE = AreiosChiropracticUITests/Info.plist;
				LD_RUNPATH_SEARCH_PATHS = "$(inherited) @executable_path/Frameworks @loader_path/Frameworks";
				PRODUCT_BUNDLE_IDENTIFIER = ninja.areios.AreiosChiropracticUITests;
				PRODUCT_NAME = "$(TARGET_NAME)";
				SWIFT_VERSION = 3.0;
				TEST_TARGET_NAME = AreiosChiropractic;
			};
			name = Debug;
		};
		666485AE1EB153F600CA9791 /* Release */ = {
			isa = XCBuildConfiguration;
			baseConfigurationReference = 954ADCD4E14A9F4860714F34 /* Pods-AreiosChiropracticUITests.release.xcconfig */;
			buildSettings = {
				ALWAYS_EMBED_SWIFT_STANDARD_LIBRARIES = YES;
				DEVELOPMENT_TEAM = B24U63J96U;
				INFOPLIST_FILE = AreiosChiropracticUITests/Info.plist;
				LD_RUNPATH_SEARCH_PATHS = "$(inherited) @executable_path/Frameworks @loader_path/Frameworks";
				PRODUCT_BUNDLE_IDENTIFIER = ninja.areios.AreiosChiropracticUITests;
				PRODUCT_NAME = "$(TARGET_NAME)";
				SWIFT_VERSION = 3.0;
				TEST_TARGET_NAME = AreiosChiropractic;
			};
			name = Release;
		};
/* End XCBuildConfiguration section */

/* Begin XCConfigurationList section */
		666485791EB153F600CA9791 /* Build configuration list for PBXProject "AreiosChiropractic" */ = {
			isa = XCConfigurationList;
			buildConfigurations = (
				666485A41EB153F600CA9791 /* Debug */,
				666485A51EB153F600CA9791 /* Release */,
			);
			defaultConfigurationIsVisible = 0;
			defaultConfigurationName = Release;
		};
		666485A61EB153F600CA9791 /* Build configuration list for PBXNativeTarget "AreiosChiropractic" */ = {
			isa = XCConfigurationList;
			buildConfigurations = (
				666485A71EB153F600CA9791 /* Debug */,
				666485A81EB153F600CA9791 /* Release */,
			);
			defaultConfigurationIsVisible = 0;
			defaultConfigurationName = Release;
		};
		666485A91EB153F600CA9791 /* Build configuration list for PBXNativeTarget "AreiosChiropracticTests" */ = {
			isa = XCConfigurationList;
			buildConfigurations = (
				666485AA1EB153F600CA9791 /* Debug */,
				666485AB1EB153F600CA9791 /* Release */,
			);
			defaultConfigurationIsVisible = 0;
			defaultConfigurationName = Release;
		};
		666485AC1EB153F600CA9791 /* Build configuration list for PBXNativeTarget "AreiosChiropracticUITests" */ = {
			isa = XCConfigurationList;
			buildConfigurations = (
				666485AD1EB153F600CA9791 /* Debug */,
				666485AE1EB153F600CA9791 /* Release */,
			);
			defaultConfigurationIsVisible = 0;
			defaultConfigurationName = Release;
		};
/* End XCConfigurationList section */
	};
	rootObject = 666485761EB153F600CA9791 /* Project object */;
}
